
Microsoft Visual Studio Solution File, Format Version 12.00
# Visual Studio Version 17
VisualStudioVersion = 17.1.32421.90
MinimumVisualStudioVersion = 10.0.40219.1
Project("{8BC9CEB8-8B4A-11D0-8D11-00A0C91BC942}") = "LibLinearAlgebra", "LibLinearAlgebra\LibLinearAlgebra.vcxproj", "{8F25BE71-8C45-4231-839E-43A210EFB737}"
EndProject
Global
	GlobalSection(SolutionConfigurationPlatforms) = preSolution
		Debug|x64 = Debug|x64
		Debug|x86 = Debug|x86
		Release|x64 = Release|x64
		Release|x86 = Release|x86
	EndGlobalSection
	GlobalSection(ProjectConfigurationPlatforms) = postSolution
		{8F25BE71-8C45-4231-839E-43A210EFB737}.Debug|x64.ActiveCfg = Debug|x64
		{8F25BE71-8C45-4231-839E-43A210EFB737}.Debug|x64.Build.0 = Debug|x64
		{8F25BE71-8C45-4231-839E-43A210EFB737}.Debug|x86.ActiveCfg = Debug|Win32
		{8F25BE71-8C45-4231-839E-43A210EFB737}.Debug|x86.Build.0 = Debug|Win32
		{8F25BE71-8C45-4231-839E-43A210EFB737}.Release|x64.ActiveCfg = Release|x64
		{8F25BE71-8C45-4231-839E-43A210EFB737}.Release|x64.Build.0 = Release|x64
		{8F25BE71-8C45-4231-839E-43A210EFB737}.Release|x86.ActiveCfg = Release|Win32
		{8F25BE71-8C45-4231-839E-43A210EFB737}.Release|x86.Build.0 = Release|Win32
	EndGlobalSection
	GlobalSection(SolutionProperties) = preSolution
		HideSolutionNode = FALSE
	EndGlobalSection
	GlobalSection(ExtensibilityGlobals) = postSolution
		SolutionGuid = {917A8289-5ED2-4923-9650-788EDEB5CB44}
	EndGlobalSection
EndGlobal
